
Microsoft Visual Studio Solution File, Format Version 12.00
# Visual Studio 2012
Project("{FAE04EC0-301F-11D3-BF4B-00C04F79EFBC}") = "GreetingApp", "GreetingApp\GreetingApp.csproj", "{81B4DE91-847E-408D-9053-651D46212D2C}"
EndProject
Project("{FAE04EC0-301F-11D3-BF4B-00C04F79EFBC}") = "GreetingAppTests", "GreetingAppTests\GreetingAppTests.csproj", "{73A81626-DC95-4390-98F5-B4D157E9CD08}"
EndProject
Global
	GlobalSection(SolutionConfigurationPlatforms) = preSolution
		Debug|Any CPU = Debug|Any CPU
		Release|Any CPU = Release|Any CPU
	EndGlobalSection
	GlobalSection(ProjectConfigurationPlatforms) = postSolution
		{81B4DE91-847E-408D-9053-651D46212D2C}.Debug|Any CPU.ActiveCfg = Debug|Any CPU
		{81B4DE91-847E-408D-9053-651D46212D2C}.Debug|Any CPU.Build.0 = Debug|Any CPU
		{81B4DE91-847E-408D-9053-651D46212D2C}.Release|Any CPU.ActiveCfg = Release|Any CPU
		{81B4DE91-847E-408D-9053-651D46212D2C}.Release|Any CPU.Build.0 = Release|Any CPU
		{73A81626-DC95-4390-98F5-B4D157E9CD08}.Debug|Any CPU.ActiveCfg = Debug|Any CPU
		{73A81626-DC95-4390-98F5-B4D157E9CD08}.Debug|Any CPU.Build.0 = Debug|Any CPU
		{73A81626-DC95-4390-98F5-B4D157E9CD08}.Release|Any CPU.ActiveCfg = Release|Any CPU
		{73A81626-DC95-4390-98F5-B4D157E9CD08}.Release|Any CPU.Build.0 = Release|Any CPU
	EndGlobalSection
	GlobalSection(SolutionProperties) = preSolution
		HideSolutionNode = FALSE
	EndGlobalSection
EndGlobal
