
Microsoft Visual Studio Solution File, Format Version 12.00
# Visual Studio 2012
Project("{FAE04EC0-301F-11D3-BF4B-00C04F79EFBC}") = "DataFirstDemo", "DataFirstDemo\DataFirstDemo.csproj", "{676C9C7F-813C-440E-9D2D-DF02EFE788DE}"
EndProject
Global
	GlobalSection(SolutionConfigurationPlatforms) = preSolution
		Debug|Any CPU = Debug|Any CPU
		Release|Any CPU = Release|Any CPU
	EndGlobalSection
	GlobalSection(ProjectConfigurationPlatforms) = postSolution
		{676C9C7F-813C-440E-9D2D-DF02EFE788DE}.Debug|Any CPU.ActiveCfg = Debug|Any CPU
		{676C9C7F-813C-440E-9D2D-DF02EFE788DE}.Debug|Any CPU.Build.0 = Debug|Any CPU
		{676C9C7F-813C-440E-9D2D-DF02EFE788DE}.Release|Any CPU.ActiveCfg = Release|Any CPU
		{676C9C7F-813C-440E-9D2D-DF02EFE788DE}.Release|Any CPU.Build.0 = Release|Any CPU
	EndGlobalSection
	GlobalSection(SolutionProperties) = preSolution
		HideSolutionNode = FALSE
	EndGlobalSection
EndGlobal
